
Microsoft Visual Studio Solution File, Format Version 12.00
# Visual Studio 2012
Project("{FAE04EC0-301F-11D3-BF4B-00C04F79EFBC}") = "ICSharpCode.SharpZipLib", "ICSharpCode.SharpZipLib\ICSharpCode.SharpZipLib.csproj", "{3B5ED7E8-3495-4183-A39A-871212715A39}"
EndProject
Global
	GlobalSection(SolutionConfigurationPlatforms) = preSolution
		Debug|Any CPU = Debug|Any CPU
		Release|Any CPU = Release|Any CPU
	EndGlobalSection
	GlobalSection(ProjectConfigurationPlatforms) = postSolution
		{3B5ED7E8-3495-4183-A39A-871212715A39}.Debug|Any CPU.ActiveCfg = Debug|Any CPU
		{3B5ED7E8-3495-4183-A39A-871212715A39}.Debug|Any CPU.Build.0 = Debug|Any CPU
		{3B5ED7E8-3495-4183-A39A-871212715A39}.Release|Any CPU.ActiveCfg = Release|Any CPU
		{3B5ED7E8-3495-4183-A39A-871212715A39}.Release|Any CPU.Build.0 = Release|Any CPU
	EndGlobalSection
EndGlobal
