
Microsoft Visual Studio Solution File, Format Version 12.00
# Visual Studio 2012
Project("{FAE04EC0-301F-11D3-BF4B-00C04F79EFBC}") = "websocket-sharp", "websocket-sharp\websocket-sharp.csproj", "{BF3AFEC3-C384-4D1A-87DF-36DE66EB4BD2}"
EndProject
Global
	GlobalSection(SolutionConfigurationPlatforms) = preSolution
		Debug|Any CPU = Debug|Any CPU
		Release|Any CPU = Release|Any CPU
	EndGlobalSection
	GlobalSection(ProjectConfigurationPlatforms) = postSolution
		{BF3AFEC3-C384-4D1A-87DF-36DE66EB4BD2}.Debug|Any CPU.ActiveCfg = Debug|Any CPU
		{BF3AFEC3-C384-4D1A-87DF-36DE66EB4BD2}.Debug|Any CPU.Build.0 = Debug|Any CPU
		{BF3AFEC3-C384-4D1A-87DF-36DE66EB4BD2}.Release|Any CPU.ActiveCfg = Release|Any CPU
		{BF3AFEC3-C384-4D1A-87DF-36DE66EB4BD2}.Release|Any CPU.Build.0 = Release|Any CPU
	EndGlobalSection
EndGlobal
